// !$*UTF8*$!
{
	archiveVersion = 1;
	classes = {
	};
	objectVersion = 55;
	objects = {

/* Begin PBXBuildFile section */
		C9072A4227B401BE001397D6 /* FirebaseFirestoreSwift-Beta in Frameworks */ = {isa = PBXBuildFile; productRef = C9072A4127B401BE001397D6 /* FirebaseFirestoreSwift-Beta */; };
		C9072A4827B410FA001397D6 /* DistanceChartView.swift in Sources */ = {isa = PBXBuildFile; fileRef = C9072A4727B410FA001397D6 /* DistanceChartView.swift */; };
		C9072A4A27B52E5A001397D6 /* CGRect+extension.swift in Sources */ = {isa = PBXBuildFile; fileRef = C9072A4927B52E5A001397D6 /* CGRect+extension.swift */; };
		C9072A4D27B53099001397D6 /* DistanceChartViewController.swift in Sources */ = {isa = PBXBuildFile; fileRef = C9072A4C27B53099001397D6 /* DistanceChartViewController.swift */; };
		C9072A4F27B53169001397D6 /* SpeedChartViewController.swift in Sources */ = {isa = PBXBuildFile; fileRef = C9072A4E27B53169001397D6 /* SpeedChartViewController.swift */; };
		C9072A5327B531A0001397D6 /* ColorLayerTableViewController.swift in Sources */ = {isa = PBXBuildFile; fileRef = C9072A5227B531A0001397D6 /* ColorLayerTableViewController.swift */; };
		C9072A5527B54CFE001397D6 /* CGFloat+extension.swift in Sources */ = {isa = PBXBuildFile; fileRef = C9072A5427B54CFE001397D6 /* CGFloat+extension.swift */; };
		C9072A5727B55249001397D6 /* CGPoint+extenstion.swift in Sources */ = {isa = PBXBuildFile; fileRef = C9072A5627B55249001397D6 /* CGPoint+extenstion.swift */; };
		C9072A5927B5575C001397D6 /* UIBezierPath+extension.swift in Sources */ = {isa = PBXBuildFile; fileRef = C9072A5827B5575C001397D6 /* UIBezierPath+extension.swift */; };
		C9072A5D27B56B02001397D6 /* winds.json in Resources */ = {isa = PBXBuildFile; fileRef = C9072A5C27B56B02001397D6 /* winds.json */; };
		C9072A5F27B56D0B001397D6 /* Settings.swift in Sources */ = {isa = PBXBuildFile; fileRef = C9072A5E27B56D0B001397D6 /* Settings.swift */; };
		C9072A6127B5F168001397D6 /* HomeModel.swift in Sources */ = {isa = PBXBuildFile; fileRef = C9072A6027B5F168001397D6 /* HomeModel.swift */; };
		C9072A6327B5FC80001397D6 /* FirebaseFireStore+extension.swift in Sources */ = {isa = PBXBuildFile; fileRef = C9072A6227B5FC80001397D6 /* FirebaseFireStore+extension.swift */; };
		C9072A6527B635A6001397D6 /* DistantChartViewData.swift in Sources */ = {isa = PBXBuildFile; fileRef = C9072A6427B635A6001397D6 /* DistantChartViewData.swift */; };
		C9072A6827B64B49001397D6 /* UILabel+extension.swift in Sources */ = {isa = PBXBuildFile; fileRef = C9072A6727B64B49001397D6 /* UILabel+extension.swift */; };
		C9072A6A27B64EAB001397D6 /* DateUtil.swift in Sources */ = {isa = PBXBuildFile; fileRef = C9072A6927B64EAA001397D6 /* DateUtil.swift */; };
		C9072A6D27B68BE4001397D6 /* SpeedChartView.swift in Sources */ = {isa = PBXBuildFile; fileRef = C9072A6C27B68BE4001397D6 /* SpeedChartView.swift */; };
		C9072A6F27B69A78001397D6 /* SondeData+extension.swift in Sources */ = {isa = PBXBuildFile; fileRef = C9072A6E27B69A77001397D6 /* SondeData+extension.swift */; };
		C9072A7127B69B82001397D6 /* SpeedChartViewData.swift in Sources */ = {isa = PBXBuildFile; fileRef = C9072A7027B69B82001397D6 /* SpeedChartViewData.swift */; };
		C9072A7427B7B12E001397D6 /* CGContext+extension.swift in Sources */ = {isa = PBXBuildFile; fileRef = C9072A7327B7B12E001397D6 /* CGContext+extension.swift */; };
		C95E30D427AC22F7001D9088 /* AppDelegate.swift in Sources */ = {isa = PBXBuildFile; fileRef = C95E30D327AC22F7001D9088 /* AppDelegate.swift */; };
		C95E30D627AC22F7001D9088 /* SceneDelegate.swift in Sources */ = {isa = PBXBuildFile; fileRef = C95E30D527AC22F7001D9088 /* SceneDelegate.swift */; };
		C95E30DD27AC22F9001D9088 /* Images.xcassets in Resources */ = {isa = PBXBuildFile; fileRef = C95E30DC27AC22F9001D9088 /* Images.xcassets */; };
		C95E30E027AC22F9001D9088 /* LaunchScreen.storyboard in Resources */ = {isa = PBXBuildFile; fileRef = C95E30DE27AC22F9001D9088 /* LaunchScreen.storyboard */; };
		C95E30EB27AC22FA001D9088 /* WindViewTests.swift in Sources */ = {isa = PBXBuildFile; fileRef = C95E30EA27AC22FA001D9088 /* WindViewTests.swift */; };
		C95E30F527AC22FA001D9088 /* WindViewUITests.swift in Sources */ = {isa = PBXBuildFile; fileRef = C95E30F427AC22FA001D9088 /* WindViewUITests.swift */; };
		C95E30F727AC22FA001D9088 /* WindViewUITestsLaunchTests.swift in Sources */ = {isa = PBXBuildFile; fileRef = C95E30F627AC22FA001D9088 /* WindViewUITestsLaunchTests.swift */; };
		C95E310427AC273F001D9088 /* GoogleService-Info.plist in Resources */ = {isa = PBXBuildFile; fileRef = C95E310327AC273E001D9088 /* GoogleService-Info.plist */; };
		C95E310727AC2A97001D9088 /* FirebaseAnalyticsWithoutAdIdSupport in Frameworks */ = {isa = PBXBuildFile; productRef = C95E310627AC2A97001D9088 /* FirebaseAnalyticsWithoutAdIdSupport */; };
		C95E310927AC2A97001D9088 /* FirebaseAuth in Frameworks */ = {isa = PBXBuildFile; productRef = C95E310827AC2A97001D9088 /* FirebaseAuth */; };
		C95E310B27AC2A97001D9088 /* FirebaseCrashlytics in Frameworks */ = {isa = PBXBuildFile; productRef = C95E310A27AC2A97001D9088 /* FirebaseCrashlytics */; };
		C95E310D27AC2A97001D9088 /* FirebaseFirestore in Frameworks */ = {isa = PBXBuildFile; productRef = C95E310C27AC2A97001D9088 /* FirebaseFirestore */; };
		C95E310F27AC2AAA001D9088 /* LoginViewController.swift in Sources */ = {isa = PBXBuildFile; fileRef = C95E310E27AC2AAA001D9088 /* LoginViewController.swift */; };
		C95E311227AC2C93001D9088 /* SnapKit in Frameworks */ = {isa = PBXBuildFile; productRef = C95E311127AC2C93001D9088 /* SnapKit */; };
		C9AE00FE27B7D79300277E0F /* TimeSelectorButton.swift in Sources */ = {isa = PBXBuildFile; fileRef = C9AE00FD27B7D79300277E0F /* TimeSelectorButton.swift */; };
		C9AE010227B9272200277E0F /* SelfResizingCollectionView.swift in Sources */ = {isa = PBXBuildFile; fileRef = C9AE010127B9272200277E0F /* SelfResizingCollectionView.swift */; };
		C9AE010427B9273D00277E0F /* LeftAlignedCollectionViewFlowLayout.swift in Sources */ = {isa = PBXBuildFile; fileRef = C9AE010327B9273D00277E0F /* LeftAlignedCollectionViewFlowLayout.swift */; };
		C9AE010627B927A000277E0F /* TextCell.swift in Sources */ = {isa = PBXBuildFile; fileRef = C9AE010527B927A000277E0F /* TextCell.swift */; };
		C9AE010827B95B0E00277E0F /* SpeedChartViewModel.swift in Sources */ = {isa = PBXBuildFile; fileRef = C9AE010727B95B0E00277E0F /* SpeedChartViewModel.swift */; };
		C9AE010D27BAAC9200277E0F /* ColorLayerBlock.swift in Sources */ = {isa = PBXBuildFile; fileRef = C9AE010C27BAAC9200277E0F /* ColorLayerBlock.swift */; };
		C9AE010F27BB210A00277E0F /* LayerStackView.swift in Sources */ = {isa = PBXBuildFile; fileRef = C9AE010E27BB210A00277E0F /* LayerStackView.swift */; };
		C9AE011327BBD4C700277E0F /* TextLayerBlock.swift in Sources */ = {isa = PBXBuildFile; fileRef = C9AE011227BBD4C700277E0F /* TextLayerBlock.swift */; };
		C9AE011527BBDC6400277E0F /* HeightLayerStackView.swift in Sources */ = {isa = PBXBuildFile; fileRef = C9AE011427BBDC6400277E0F /* HeightLayerStackView.swift */; };
		C9AE011727BBE0B700277E0F /* BoundButton.swift in Sources */ = {isa = PBXBuildFile; fileRef = C9AE011627BBE0B700277E0F /* BoundButton.swift */; };
		C9AE011927BBE12D00277E0F /* BottomControlView.swift in Sources */ = {isa = PBXBuildFile; fileRef = C9AE011827BBE12D00277E0F /* BottomControlView.swift */; };
		C9AE011B27BBE63600277E0F /* UIImage++extension.swift in Sources */ = {isa = PBXBuildFile; fileRef = C9AE011A27BBE63600277E0F /* UIImage++extension.swift */; };
		C9AE011D27BBE90200277E0F /* HistoryViewController.swift in Sources */ = {isa = PBXBuildFile; fileRef = C9AE011C27BBE90200277E0F /* HistoryViewController.swift */; };
		C9AE012027BCFE6E00277E0F /* HistoryCell.swift in Sources */ = {isa = PBXBuildFile; fileRef = C9AE011F27BCFE6E00277E0F /* HistoryCell.swift */; };
		C9AE012227BD07CF00277E0F /* CloseButton.swift in Sources */ = {isa = PBXBuildFile; fileRef = C9AE012127BD07CF00277E0F /* CloseButton.swift */; };
		C9AE012427BD0CD800277E0F /* UserDefaults+properties.swift in Sources */ = {isa = PBXBuildFile; fileRef = C9AE012327BD0CD800277E0F /* UserDefaults+properties.swift */; };
		C9AE012927BD38E200277E0F /* UIButton+extension.swift in Sources */ = {isa = PBXBuildFile; fileRef = C9AE012827BD38E100277E0F /* UIButton+extension.swift */; };
		C9AE012C27BEAE6800277E0F /* BetterSegmentedControl in Frameworks */ = {isa = PBXBuildFile; productRef = C9AE012B27BEAE6800277E0F /* BetterSegmentedControl */; };
		C9AE013727BFBC2900277E0F /* PKHUD in Frameworks */ = {isa = PBXBuildFile; productRef = C9AE013627BFBC2900277E0F /* PKHUD */; };
		C9AE013927BFED1900277E0F /* SettingsViewController.swift in Sources */ = {isa = PBXBuildFile; fileRef = C9AE013827BFED1800277E0F /* SettingsViewController.swift */; };
		C9AE013B27C1464100277E0F /* HeightMap.swift in Sources */ = {isa = PBXBuildFile; fileRef = C9AE013A27C1464100277E0F /* HeightMap.swift */; };
		C9D048F827B160BA0061D252 /* UIColor+extension.swift in Sources */ = {isa = PBXBuildFile; fileRef = C9D048F727B160BA0061D252 /* UIColor+extension.swift */; };
		C9D64AE927B14DA500A9631E /* CustomTextField.swift in Sources */ = {isa = PBXBuildFile; fileRef = C9D64AE827B14DA500A9631E /* CustomTextField.swift */; };
		C9D64AEC27B14EB200A9631E /* UIFont+extension.swift in Sources */ = {isa = PBXBuildFile; fileRef = C9D64AEB27B14EB200A9631E /* UIFont+extension.swift */; };
		C9D64AEE27B150D400A9631E /* Utils.swift in Sources */ = {isa = PBXBuildFile; fileRef = C9D64AED27B150D400A9631E /* Utils.swift */; };
		C9D64AF027B1520800A9631E /* NSAttributedString+extension.swift in Sources */ = {isa = PBXBuildFile; fileRef = C9D64AEF27B1520800A9631E /* NSAttributedString+extension.swift */; };
		C9D64AF227B15AC800A9631E /* Colors.xcassets in Resources */ = {isa = PBXBuildFile; fileRef = C9D64AF127B15AC700A9631E /* Colors.xcassets */; };
		C9E5FB6927B2BEBC00538B09 /* GoogleSignIn in Frameworks */ = {isa = PBXBuildFile; productRef = C9E5FB6827B2BEBC00538B09 /* GoogleSignIn */; };
		C9E5FB6C27B33ADD00538B09 /* HomeViewController.swift in Sources */ = {isa = PBXBuildFile; fileRef = C9E5FB6B27B33ADD00538B09 /* HomeViewController.swift */; };
		C9E5FB6F27B33C2900538B09 /* SondeData.swift in Sources */ = {isa = PBXBuildFile; fileRef = C9E5FB6E27B33C2900538B09 /* SondeData.swift */; };
		C9E5FB7127B3EE9000538B09 /* HomeViewModel.swift in Sources */ = {isa = PBXBuildFile; fileRef = C9E5FB7027B3EE9000538B09 /* HomeViewModel.swift */; };
		C9E5FB7527B3F0D500538B09 /* RxCocoa in Frameworks */ = {isa = PBXBuildFile; productRef = C9E5FB7427B3F0D500538B09 /* RxCocoa */; };
		C9E5FB7727B3F0D500538B09 /* RxRelay in Frameworks */ = {isa = PBXBuildFile; productRef = C9E5FB7627B3F0D500538B09 /* RxRelay */; };
		C9E5FB7927B3F0D500538B09 /* RxSwift in Frameworks */ = {isa = PBXBuildFile; productRef = C9E5FB7827B3F0D500538B09 /* RxSwift */; };
		C9E5FB7B27B3F20000538B09 /* SondeDataModel.swift in Sources */ = {isa = PBXBuildFile; fileRef = C9E5FB7A27B3F20000538B09 /* SondeDataModel.swift */; };
/* End PBXBuildFile section */

/* Begin PBXContainerItemProxy section */
		C95E30E727AC22FA001D9088 /* PBXContainerItemProxy */ = {
			isa = PBXContainerItemProxy;
			containerPortal = C95E30C827AC22F7001D9088 /* Project object */;
			proxyType = 1;
			remoteGlobalIDString = C95E30CF27AC22F7001D9088;
			remoteInfo = WindView;
		};
		C95E30F127AC22FA001D9088 /* PBXContainerItemProxy */ = {
			isa = PBXContainerItemProxy;
			containerPortal = C95E30C827AC22F7001D9088 /* Project object */;
			proxyType = 1;
			remoteGlobalIDString = C95E30CF27AC22F7001D9088;
			remoteInfo = WindView;
		};
/* End PBXContainerItemProxy section */

/* Begin PBXFileReference section */
		C9072A4727B410FA001397D6 /* DistanceChartView.swift */ = {isa = PBXFileReference; lastKnownFileType = sourcecode.swift; path = DistanceChartView.swift; sourceTree = "<group>"; };
		C9072A4927B52E5A001397D6 /* CGRect+extension.swift */ = {isa = PBXFileReference; lastKnownFileType = sourcecode.swift; path = "CGRect+extension.swift"; sourceTree = "<group>"; };
		C9072A4C27B53099001397D6 /* DistanceChartViewController.swift */ = {isa = PBXFileReference; lastKnownFileType = sourcecode.swift; path = DistanceChartViewController.swift; sourceTree = "<group>"; };
		C9072A4E27B53169001397D6 /* SpeedChartViewController.swift */ = {isa = PBXFileReference; lastKnownFileType = sourcecode.swift; path = SpeedChartViewController.swift; sourceTree = "<group>"; };
		C9072A5227B531A0001397D6 /* ColorLayerTableViewController.swift */ = {isa = PBXFileReference; lastKnownFileType = sourcecode.swift; path = ColorLayerTableViewController.swift; sourceTree = "<group>"; };
		C9072A5427B54CFE001397D6 /* CGFloat+extension.swift */ = {isa = PBXFileReference; lastKnownFileType = sourcecode.swift; path = "CGFloat+extension.swift"; sourceTree = "<group>"; };
		C9072A5627B55249001397D6 /* CGPoint+extenstion.swift */ = {isa = PBXFileReference; lastKnownFileType = sourcecode.swift; path = "CGPoint+extenstion.swift"; sourceTree = "<group>"; };
		C9072A5827B5575C001397D6 /* UIBezierPath+extension.swift */ = {isa = PBXFileReference; lastKnownFileType = sourcecode.swift; path = "UIBezierPath+extension.swift"; sourceTree = "<group>"; };
		C9072A5C27B56B02001397D6 /* winds.json */ = {isa = PBXFileReference; fileEncoding = 4; lastKnownFileType = text.json; path = winds.json; sourceTree = "<group>"; };
		C9072A5E27B56D0B001397D6 /* Settings.swift */ = {isa = PBXFileReference; lastKnownFileType = sourcecode.swift; path = Settings.swift; sourceTree = "<group>"; };
		C9072A6027B5F168001397D6 /* HomeModel.swift */ = {isa = PBXFileReference; lastKnownFileType = sourcecode.swift; path = HomeModel.swift; sourceTree = "<group>"; };
		C9072A6227B5FC80001397D6 /* FirebaseFireStore+extension.swift */ = {isa = PBXFileReference; lastKnownFileType = sourcecode.swift; path = "FirebaseFireStore+extension.swift"; sourceTree = "<group>"; };
		C9072A6427B635A6001397D6 /* DistantChartViewData.swift */ = {isa = PBXFileReference; lastKnownFileType = sourcecode.swift; path = DistantChartViewData.swift; sourceTree = "<group>"; };
		C9072A6727B64B49001397D6 /* UILabel+extension.swift */ = {isa = PBXFileReference; lastKnownFileType = sourcecode.swift; path = "UILabel+extension.swift"; sourceTree = "<group>"; };
		C9072A6927B64EAA001397D6 /* DateUtil.swift */ = {isa = PBXFileReference; lastKnownFileType = sourcecode.swift; path = DateUtil.swift; sourceTree = "<group>"; };
		C9072A6C27B68BE4001397D6 /* SpeedChartView.swift */ = {isa = PBXFileReference; lastKnownFileType = sourcecode.swift; path = SpeedChartView.swift; sourceTree = "<group>"; };
		C9072A6E27B69A77001397D6 /* SondeData+extension.swift */ = {isa = PBXFileReference; lastKnownFileType = sourcecode.swift; path = "SondeData+extension.swift"; sourceTree = "<group>"; };
		C9072A7027B69B82001397D6 /* SpeedChartViewData.swift */ = {isa = PBXFileReference; lastKnownFileType = sourcecode.swift; path = SpeedChartViewData.swift; sourceTree = "<group>"; };
		C9072A7327B7B12E001397D6 /* CGContext+extension.swift */ = {isa = PBXFileReference; lastKnownFileType = sourcecode.swift; path = "CGContext+extension.swift"; sourceTree = "<group>"; };
		C95E30D027AC22F7001D9088 /* WindView.app */ = {isa = PBXFileReference; explicitFileType = wrapper.application; includeInIndex = 0; path = WindView.app; sourceTree = BUILT_PRODUCTS_DIR; };
		C95E30D327AC22F7001D9088 /* AppDelegate.swift */ = {isa = PBXFileReference; lastKnownFileType = sourcecode.swift; path = AppDelegate.swift; sourceTree = "<group>"; };
		C95E30D527AC22F7001D9088 /* SceneDelegate.swift */ = {isa = PBXFileReference; lastKnownFileType = sourcecode.swift; path = SceneDelegate.swift; sourceTree = "<group>"; };
		C95E30DC27AC22F9001D9088 /* Images.xcassets */ = {isa = PBXFileReference; lastKnownFileType = folder.assetcatalog; path = Images.xcassets; sourceTree = "<group>"; };
		C95E30DF27AC22F9001D9088 /* Base */ = {isa = PBXFileReference; lastKnownFileType = file.storyboard; name = Base; path = Base.lproj/LaunchScreen.storyboard; sourceTree = "<group>"; };
		C95E30E127AC22F9001D9088 /* Info.plist */ = {isa = PBXFileReference; lastKnownFileType = text.plist.xml; path = Info.plist; sourceTree = "<group>"; };
		C95E30E627AC22FA001D9088 /* WindViewTests.xctest */ = {isa = PBXFileReference; explicitFileType = wrapper.cfbundle; includeInIndex = 0; path = WindViewTests.xctest; sourceTree = BUILT_PRODUCTS_DIR; };
		C95E30EA27AC22FA001D9088 /* WindViewTests.swift */ = {isa = PBXFileReference; lastKnownFileType = sourcecode.swift; path = WindViewTests.swift; sourceTree = "<group>"; };
		C95E30F027AC22FA001D9088 /* WindViewUITests.xctest */ = {isa = PBXFileReference; explicitFileType = wrapper.cfbundle; includeInIndex = 0; path = WindViewUITests.xctest; sourceTree = BUILT_PRODUCTS_DIR; };
		C95E30F427AC22FA001D9088 /* WindViewUITests.swift */ = {isa = PBXFileReference; lastKnownFileType = sourcecode.swift; path = WindViewUITests.swift; sourceTree = "<group>"; };
		C95E30F627AC22FA001D9088 /* WindViewUITestsLaunchTests.swift */ = {isa = PBXFileReference; lastKnownFileType = sourcecode.swift; path = WindViewUITestsLaunchTests.swift; sourceTree = "<group>"; };
		C95E310327AC273E001D9088 /* GoogleService-Info.plist */ = {isa = PBXFileReference; fileEncoding = 4; lastKnownFileType = text.plist.xml; name = "GoogleService-Info.plist"; path = "../../../../Downloads/GoogleService-Info.plist"; sourceTree = "<group>"; };
		C95E310E27AC2AAA001D9088 /* LoginViewController.swift */ = {isa = PBXFileReference; lastKnownFileType = sourcecode.swift; path = LoginViewController.swift; sourceTree = "<group>"; };
		C9AE00FD27B7D79300277E0F /* TimeSelectorButton.swift */ = {isa = PBXFileReference; lastKnownFileType = sourcecode.swift; path = TimeSelectorButton.swift; sourceTree = "<group>"; };
		C9AE010127B9272200277E0F /* SelfResizingCollectionView.swift */ = {isa = PBXFileReference; lastKnownFileType = sourcecode.swift; path = SelfResizingCollectionView.swift; sourceTree = "<group>"; };
		C9AE010327B9273D00277E0F /* LeftAlignedCollectionViewFlowLayout.swift */ = {isa = PBXFileReference; lastKnownFileType = sourcecode.swift; path = LeftAlignedCollectionViewFlowLayout.swift; sourceTree = "<group>"; };
		C9AE010527B927A000277E0F /* TextCell.swift */ = {isa = PBXFileReference; lastKnownFileType = sourcecode.swift; path = TextCell.swift; sourceTree = "<group>"; };
		C9AE010727B95B0E00277E0F /* SpeedChartViewModel.swift */ = {isa = PBXFileReference; lastKnownFileType = sourcecode.swift; path = SpeedChartViewModel.swift; sourceTree = "<group>"; };
		C9AE010C27BAAC9200277E0F /* ColorLayerBlock.swift */ = {isa = PBXFileReference; lastKnownFileType = sourcecode.swift; path = ColorLayerBlock.swift; sourceTree = "<group>"; };
		C9AE010E27BB210A00277E0F /* LayerStackView.swift */ = {isa = PBXFileReference; lastKnownFileType = sourcecode.swift; path = LayerStackView.swift; sourceTree = "<group>"; };
		C9AE011227BBD4C700277E0F /* TextLayerBlock.swift */ = {isa = PBXFileReference; lastKnownFileType = sourcecode.swift; path = TextLayerBlock.swift; sourceTree = "<group>"; };
		C9AE011427BBDC6400277E0F /* HeightLayerStackView.swift */ = {isa = PBXFileReference; lastKnownFileType = sourcecode.swift; path = HeightLayerStackView.swift; sourceTree = "<group>"; };
		C9AE011627BBE0B700277E0F /* BoundButton.swift */ = {isa = PBXFileReference; lastKnownFileType = sourcecode.swift; path = BoundButton.swift; sourceTree = "<group>"; };
		C9AE011827BBE12D00277E0F /* BottomControlView.swift */ = {isa = PBXFileReference; lastKnownFileType = sourcecode.swift; path = BottomControlView.swift; sourceTree = "<group>"; };
		C9AE011A27BBE63600277E0F /* UIImage++extension.swift */ = {isa = PBXFileReference; lastKnownFileType = sourcecode.swift; path = "UIImage++extension.swift"; sourceTree = "<group>"; };
		C9AE011C27BBE90200277E0F /* HistoryViewController.swift */ = {isa = PBXFileReference; lastKnownFileType = sourcecode.swift; path = HistoryViewController.swift; sourceTree = "<group>"; };
		C9AE011F27BCFE6E00277E0F /* HistoryCell.swift */ = {isa = PBXFileReference; lastKnownFileType = sourcecode.swift; path = HistoryCell.swift; sourceTree = "<group>"; };
		C9AE012127BD07CF00277E0F /* CloseButton.swift */ = {isa = PBXFileReference; lastKnownFileType = sourcecode.swift; path = CloseButton.swift; sourceTree = "<group>"; };
		C9AE012327BD0CD800277E0F /* UserDefaults+properties.swift */ = {isa = PBXFileReference; lastKnownFileType = sourcecode.swift; path = "UserDefaults+properties.swift"; sourceTree = "<group>"; };
		C9AE012827BD38E100277E0F /* UIButton+extension.swift */ = {isa = PBXFileReference; lastKnownFileType = sourcecode.swift; path = "UIButton+extension.swift"; sourceTree = "<group>"; };
		C9AE013827BFED1800277E0F /* SettingsViewController.swift */ = {isa = PBXFileReference; lastKnownFileType = sourcecode.swift; path = SettingsViewController.swift; sourceTree = "<group>"; };
		C9AE013A27C1464100277E0F /* HeightMap.swift */ = {isa = PBXFileReference; lastKnownFileType = sourcecode.swift; path = HeightMap.swift; sourceTree = "<group>"; };
		C9D048F727B160BA0061D252 /* UIColor+extension.swift */ = {isa = PBXFileReference; lastKnownFileType = sourcecode.swift; path = "UIColor+extension.swift"; sourceTree = "<group>"; };
		C9D64AE827B14DA500A9631E /* CustomTextField.swift */ = {isa = PBXFileReference; lastKnownFileType = sourcecode.swift; path = CustomTextField.swift; sourceTree = "<group>"; };
		C9D64AEB27B14EB200A9631E /* UIFont+extension.swift */ = {isa = PBXFileReference; lastKnownFileType = sourcecode.swift; path = "UIFont+extension.swift"; sourceTree = "<group>"; };
		C9D64AED27B150D400A9631E /* Utils.swift */ = {isa = PBXFileReference; lastKnownFileType = sourcecode.swift; path = Utils.swift; sourceTree = "<group>"; };
		C9D64AEF27B1520800A9631E /* NSAttributedString+extension.swift */ = {isa = PBXFileReference; lastKnownFileType = sourcecode.swift; path = "NSAttributedString+extension.swift"; sourceTree = "<group>"; };
		C9D64AF127B15AC700A9631E /* Colors.xcassets */ = {isa = PBXFileReference; lastKnownFileType = folder.assetcatalog; path = Colors.xcassets; sourceTree = "<group>"; };
		C9E5FB6B27B33ADD00538B09 /* HomeViewController.swift */ = {isa = PBXFileReference; lastKnownFileType = sourcecode.swift; path = HomeViewController.swift; sourceTree = "<group>"; };
		C9E5FB6E27B33C2900538B09 /* SondeData.swift */ = {isa = PBXFileReference; lastKnownFileType = sourcecode.swift; path = SondeData.swift; sourceTree = "<group>"; };
		C9E5FB7027B3EE9000538B09 /* HomeViewModel.swift */ = {isa = PBXFileReference; lastKnownFileType = sourcecode.swift; path = HomeViewModel.swift; sourceTree = "<group>"; };
		C9E5FB7A27B3F20000538B09 /* SondeDataModel.swift */ = {isa = PBXFileReference; lastKnownFileType = sourcecode.swift; path = SondeDataModel.swift; sourceTree = "<group>"; };
/* End PBXFileReference section */

/* Begin PBXFrameworksBuildPhase section */
		C95E30CD27AC22F7001D9088 /* Frameworks */ = {
			isa = PBXFrameworksBuildPhase;
			buildActionMask = 2147483647;
			files = (
				C9E5FB7927B3F0D500538B09 /* RxSwift in Frameworks */,
				C95E310B27AC2A97001D9088 /* FirebaseCrashlytics in Frameworks */,
				C95E310D27AC2A97001D9088 /* FirebaseFirestore in Frameworks */,
				C95E310727AC2A97001D9088 /* FirebaseAnalyticsWithoutAdIdSupport in Frameworks */,
				C9E5FB7527B3F0D500538B09 /* RxCocoa in Frameworks */,
				C95E310927AC2A97001D9088 /* FirebaseAuth in Frameworks */,
				C9AE012C27BEAE6800277E0F /* BetterSegmentedControl in Frameworks */,
				C95E311227AC2C93001D9088 /* SnapKit in Frameworks */,
				C9072A4227B401BE001397D6 /* FirebaseFirestoreSwift-Beta in Frameworks */,
				C9AE013727BFBC2900277E0F /* PKHUD in Frameworks */,
				C9E5FB7727B3F0D500538B09 /* RxRelay in Frameworks */,
				C9E5FB6927B2BEBC00538B09 /* GoogleSignIn in Frameworks */,
			);
			runOnlyForDeploymentPostprocessing = 0;
		};
		C95E30E327AC22FA001D9088 /* Frameworks */ = {
			isa = PBXFrameworksBuildPhase;
			buildActionMask = 2147483647;
			files = (
			);
			runOnlyForDeploymentPostprocessing = 0;
		};
		C95E30ED27AC22FA001D9088 /* Frameworks */ = {
			isa = PBXFrameworksBuildPhase;
			buildActionMask = 2147483647;
			files = (
			);
			runOnlyForDeploymentPostprocessing = 0;
		};
/* End PBXFrameworksBuildPhase section */

/* Begin PBXGroup section */
		C9072A4027B401BE001397D6 /* Frameworks */ = {
			isa = PBXGroup;
			children = (
			);
			name = Frameworks;
			sourceTree = "<group>";
		};
		C9072A4B27B53081001397D6 /* childs */ = {
			isa = PBXGroup;
			children = (
				C9072A4C27B53099001397D6 /* DistanceChartViewController.swift */,
				C9072A4E27B53169001397D6 /* SpeedChartViewController.swift */,
				C9072A5227B531A0001397D6 /* ColorLayerTableViewController.swift */,
			);
			path = childs;
			sourceTree = "<group>";
		};
		C9072A6627B64A5A001397D6 /* DistanceChart */ = {
			isa = PBXGroup;
			children = (
				C9072A4727B410FA001397D6 /* DistanceChartView.swift */,
				C9072A6427B635A6001397D6 /* DistantChartViewData.swift */,
				C9AE00FD27B7D79300277E0F /* TimeSelectorButton.swift */,
			);
			path = DistanceChart;
			sourceTree = "<group>";
		};
		C9072A6B27B68BD2001397D6 /* SpeedChart */ = {
			isa = PBXGroup;
			children = (
				C9072A6C27B68BE4001397D6 /* SpeedChartView.swift */,
				C9072A7027B69B82001397D6 /* SpeedChartViewData.swift */,
				C9AE013A27C1464100277E0F /* HeightMap.swift */,
			);
			path = SpeedChart;
			sourceTree = "<group>";
		};
		C95E30C727AC22F7001D9088 = {
			isa = PBXGroup;
			children = (
				C95E30D227AC22F7001D9088 /* WindView */,
				C95E30E927AC22FA001D9088 /* WindViewTests */,
				C95E30F327AC22FA001D9088 /* WindViewUITests */,
				C95E30D127AC22F7001D9088 /* Products */,
				C9072A4027B401BE001397D6 /* Frameworks */,
			);
			sourceTree = "<group>";
		};
		C95E30D127AC22F7001D9088 /* Products */ = {
			isa = PBXGroup;
			children = (
				C95E30D027AC22F7001D9088 /* WindView.app */,
				C95E30E627AC22FA001D9088 /* WindViewTests.xctest */,
				C95E30F027AC22FA001D9088 /* WindViewUITests.xctest */,
			);
			name = Products;
			sourceTree = "<group>";
		};
		C95E30D227AC22F7001D9088 /* WindView */ = {
			isa = PBXGroup;
			children = (
				C95E30D327AC22F7001D9088 /* AppDelegate.swift */,
				C95E30D527AC22F7001D9088 /* SceneDelegate.swift */,
				C9E5FB7227B3EE9700538B09 /* viewmodel */,
				C9E5FB6D27B33B2600538B09 /* model */,
				C9E5FB6A27B2C91000538B09 /* controllers */,
				C9D64AE727B14D7600A9631E /* views */,
				C9D64AEA27B14E9C00A9631E /* extensions */,
				C95E30DC27AC22F9001D9088 /* Images.xcassets */,
				C9D64AF127B15AC700A9631E /* Colors.xcassets */,
				C95E30DE27AC22F9001D9088 /* LaunchScreen.storyboard */,
				C95E30E127AC22F9001D9088 /* Info.plist */,
				C95E310327AC273E001D9088 /* GoogleService-Info.plist */,
			);
			path = WindView;
			sourceTree = "<group>";
		};
		C95E30E927AC22FA001D9088 /* WindViewTests */ = {
			isa = PBXGroup;
			children = (
				C95E30EA27AC22FA001D9088 /* WindViewTests.swift */,
			);
			path = WindViewTests;
			sourceTree = "<group>";
		};
		C95E30F327AC22FA001D9088 /* WindViewUITests */ = {
			isa = PBXGroup;
			children = (
				C95E30F427AC22FA001D9088 /* WindViewUITests.swift */,
				C95E30F627AC22FA001D9088 /* WindViewUITestsLaunchTests.swift */,
			);
			path = WindViewUITests;
			sourceTree = "<group>";
		};
		C9AE010B27BAAC7800277E0F /* ColorLayerTable */ = {
			isa = PBXGroup;
			children = (
				C9AE010C27BAAC9200277E0F /* ColorLayerBlock.swift */,
				C9AE010E27BB210A00277E0F /* LayerStackView.swift */,
				C9AE011227BBD4C700277E0F /* TextLayerBlock.swift */,
				C9AE011427BBDC6400277E0F /* HeightLayerStackView.swift */,
			);
			path = ColorLayerTable;
			sourceTree = "<group>";
		};
		C9AE011E27BCFE5600277E0F /* History */ = {
			isa = PBXGroup;
			children = (
				C9AE011F27BCFE6E00277E0F /* HistoryCell.swift */,
			);
			path = History;
			sourceTree = "<group>";
		};
		C9AE012527BD388200277E0F /* Home */ = {
			isa = PBXGroup;
			children = (
			);
			path = Home;
			sourceTree = "<group>";
		};
		C9D64AE727B14D7600A9631E /* views */ = {
			isa = PBXGroup;
			children = (
				C9AE012527BD388200277E0F /* Home */,
				C9AE011E27BCFE5600277E0F /* History */,
				C9072A6B27B68BD2001397D6 /* SpeedChart */,
				C9072A6627B64A5A001397D6 /* DistanceChart */,
				C9AE010B27BAAC7800277E0F /* ColorLayerTable */,
				C9D64AE827B14DA500A9631E /* CustomTextField.swift */,
				C9AE010127B9272200277E0F /* SelfResizingCollectionView.swift */,
				C9AE010327B9273D00277E0F /* LeftAlignedCollectionViewFlowLayout.swift */,
				C9AE011627BBE0B700277E0F /* BoundButton.swift */,
				C9AE011827BBE12D00277E0F /* BottomControlView.swift */,
				C9AE012127BD07CF00277E0F /* CloseButton.swift */,
			);
			path = views;
			sourceTree = "<group>";
		};
		C9D64AEA27B14E9C00A9631E /* extensions */ = {
			isa = PBXGroup;
			children = (
				C9D64AED27B150D400A9631E /* Utils.swift */,
				C9072A7327B7B12E001397D6 /* CGContext+extension.swift */,
				C9072A5427B54CFE001397D6 /* CGFloat+extension.swift */,
				C9072A5627B55249001397D6 /* CGPoint+extenstion.swift */,
				C9072A4927B52E5A001397D6 /* CGRect+extension.swift */,
				C9072A6927B64EAA001397D6 /* DateUtil.swift */,
				C9072A6227B5FC80001397D6 /* FirebaseFireStore+extension.swift */,
				C9D64AEF27B1520800A9631E /* NSAttributedString+extension.swift */,
				C9072A6E27B69A77001397D6 /* SondeData+extension.swift */,
				C9072A5827B5575C001397D6 /* UIBezierPath+extension.swift */,
				C9AE012827BD38E100277E0F /* UIButton+extension.swift */,
				C9D048F727B160BA0061D252 /* UIColor+extension.swift */,
				C9D64AEB27B14EB200A9631E /* UIFont+extension.swift */,
				C9072A6727B64B49001397D6 /* UILabel+extension.swift */,
				C9AE011A27BBE63600277E0F /* UIImage++extension.swift */,
				C9AE012327BD0CD800277E0F /* UserDefaults+properties.swift */,
			);
			path = extensions;
			sourceTree = "<group>";
		};
		C9E5FB6A27B2C91000538B09 /* controllers */ = {
			isa = PBXGroup;
			children = (
				C9072A4B27B53081001397D6 /* childs */,
				C95E310E27AC2AAA001D9088 /* LoginViewController.swift */,
				C9E5FB6B27B33ADD00538B09 /* HomeViewController.swift */,
				C9AE010527B927A000277E0F /* TextCell.swift */,
				C9AE011C27BBE90200277E0F /* HistoryViewController.swift */,
				C9AE013827BFED1800277E0F /* SettingsViewController.swift */,
			);
			path = controllers;
			sourceTree = "<group>";
		};
		C9E5FB6D27B33B2600538B09 /* model */ = {
			isa = PBXGroup;
			children = (
				C9072A5C27B56B02001397D6 /* winds.json */,
				C9072A5E27B56D0B001397D6 /* Settings.swift */,
				C9E5FB6E27B33C2900538B09 /* SondeData.swift */,
				C9E5FB7A27B3F20000538B09 /* SondeDataModel.swift */,
				C9072A6027B5F168001397D6 /* HomeModel.swift */,
			);
			path = model;
			sourceTree = "<group>";
		};
		C9E5FB7227B3EE9700538B09 /* viewmodel */ = {
			isa = PBXGroup;
			children = (
				C9E5FB7027B3EE9000538B09 /* HomeViewModel.swift */,
				C9AE010727B95B0E00277E0F /* SpeedChartViewModel.swift */,
			);
			path = viewmodel;
			sourceTree = "<group>";
		};
/* End PBXGroup section */

/* Begin PBXNativeTarget section */
		C95E30CF27AC22F7001D9088 /* WindView */ = {
			isa = PBXNativeTarget;
			buildConfigurationList = C95E30FA27AC22FA001D9088 /* Build configuration list for PBXNativeTarget "WindView" */;
			buildPhases = (
				C95E30CC27AC22F7001D9088 /* Sources */,
				C95E30CD27AC22F7001D9088 /* Frameworks */,
				C95E30CE27AC22F7001D9088 /* Resources */,
			);
			buildRules = (
			);
			dependencies = (
			);
			name = WindView;
			packageProductDependencies = (
				C95E310627AC2A97001D9088 /* FirebaseAnalyticsWithoutAdIdSupport */,
				C95E310827AC2A97001D9088 /* FirebaseAuth */,
				C95E310A27AC2A97001D9088 /* FirebaseCrashlytics */,
				C95E310C27AC2A97001D9088 /* FirebaseFirestore */,
				C95E311127AC2C93001D9088 /* SnapKit */,
				C9E5FB6827B2BEBC00538B09 /* GoogleSignIn */,
				C9E5FB7427B3F0D500538B09 /* RxCocoa */,
				C9E5FB7627B3F0D500538B09 /* RxRelay */,
				C9E5FB7827B3F0D500538B09 /* RxSwift */,
				C9072A4127B401BE001397D6 /* FirebaseFirestoreSwift-Beta */,
				C9AE012B27BEAE6800277E0F /* BetterSegmentedControl */,
				C9AE013627BFBC2900277E0F /* PKHUD */,
			);
			productName = WindView;
			productReference = C95E30D027AC22F7001D9088 /* WindView.app */;
			productType = "com.apple.product-type.application";
		};
		C95E30E527AC22FA001D9088 /* WindViewTests */ = {
			isa = PBXNativeTarget;
			buildConfigurationList = C95E30FD27AC22FA001D9088 /* Build configuration list for PBXNativeTarget "WindViewTests" */;
			buildPhases = (
				C95E30E227AC22FA001D9088 /* Sources */,
				C95E30E327AC22FA001D9088 /* Frameworks */,
				C95E30E427AC22FA001D9088 /* Resources */,
			);
			buildRules = (
			);
			dependencies = (
				C95E30E827AC22FA001D9088 /* PBXTargetDependency */,
			);
			name = WindViewTests;
			productName = WindViewTests;
			productReference = C95E30E627AC22FA001D9088 /* WindViewTests.xctest */;
			productType = "com.apple.product-type.bundle.unit-test";
		};
		C95E30EF27AC22FA001D9088 /* WindViewUITests */ = {
			isa = PBXNativeTarget;
			buildConfigurationList = C95E310027AC22FA001D9088 /* Build configuration list for PBXNativeTarget "WindViewUITests" */;
			buildPhases = (
				C95E30EC27AC22FA001D9088 /* Sources */,
				C95E30ED27AC22FA001D9088 /* Frameworks */,
				C95E30EE27AC22FA001D9088 /* Resources */,
			);
			buildRules = (
			);
			dependencies = (
				C95E30F227AC22FA001D9088 /* PBXTargetDependency */,
			);
			name = WindViewUITests;
			productName = WindViewUITests;
			productReference = C95E30F027AC22FA001D9088 /* WindViewUITests.xctest */;
			productType = "com.apple.product-type.bundle.ui-testing";
		};
/* End PBXNativeTarget section */

/* Begin PBXProject section */
		C95E30C827AC22F7001D9088 /* Project object */ = {
			isa = PBXProject;
			attributes = {
				BuildIndependentTargetsInParallel = 1;
				LastSwiftUpdateCheck = 1320;
				LastUpgradeCheck = 1320;
				TargetAttributes = {
					C95E30CF27AC22F7001D9088 = {
						CreatedOnToolsVersion = 13.2.1;
					};
					C95E30E527AC22FA001D9088 = {
						CreatedOnToolsVersion = 13.2.1;
						TestTargetID = C95E30CF27AC22F7001D9088;
					};
					C95E30EF27AC22FA001D9088 = {
						CreatedOnToolsVersion = 13.2.1;
						TestTargetID = C95E30CF27AC22F7001D9088;
					};
				};
			};
			buildConfigurationList = C95E30CB27AC22F7001D9088 /* Build configuration list for PBXProject "WindView" */;
			compatibilityVersion = "Xcode 13.0";
			developmentRegion = en;
			hasScannedForEncodings = 0;
			knownRegions = (
				en,
				Base,
			);
			mainGroup = C95E30C727AC22F7001D9088;
			packageReferences = (
				C95E310527AC2A96001D9088 /* XCRemoteSwiftPackageReference "firebase-ios-sdk" */,
				C95E311027AC2C93001D9088 /* XCRemoteSwiftPackageReference "SnapKit" */,
				C9E5FB6727B2BEBC00538B09 /* XCRemoteSwiftPackageReference "GoogleSignIn-iOS" */,
				C9E5FB7327B3F0D500538B09 /* XCRemoteSwiftPackageReference "RxSwift" */,
				C9AE012A27BEAE6700277E0F /* XCRemoteSwiftPackageReference "BetterSegmentedControl" */,
				C9AE013527BFBC2900277E0F /* XCRemoteSwiftPackageReference "PKHUD" */,
			);
			productRefGroup = C95E30D127AC22F7001D9088 /* Products */;
			projectDirPath = "";
			projectRoot = "";
			targets = (
				C95E30CF27AC22F7001D9088 /* WindView */,
				C95E30E527AC22FA001D9088 /* WindViewTests */,
				C95E30EF27AC22FA001D9088 /* WindViewUITests */,
			);
		};
/* End PBXProject section */

/* Begin PBXResourcesBuildPhase section */
		C95E30CE27AC22F7001D9088 /* Resources */ = {
			isa = PBXResourcesBuildPhase;
			buildActionMask = 2147483647;
			files = (
				C95E30E027AC22F9001D9088 /* LaunchScreen.storyboard in Resources */,
				C9D64AF227B15AC800A9631E /* Colors.xcassets in Resources */,
				C9072A5D27B56B02001397D6 /* winds.json in Resources */,
				C95E30DD27AC22F9001D9088 /* Images.xcassets in Resources */,
				C95E310427AC273F001D9088 /* GoogleService-Info.plist in Resources */,
			);
			runOnlyForDeploymentPostprocessing = 0;
		};
		C95E30E427AC22FA001D9088 /* Resources */ = {
			isa = PBXResourcesBuildPhase;
			buildActionMask = 2147483647;
			files = (
			);
			runOnlyForDeploymentPostprocessing = 0;
		};
		C95E30EE27AC22FA001D9088 /* Resources */ = {
			isa = PBXResourcesBuildPhase;
			buildActionMask = 2147483647;
			files = (
			);
			runOnlyForDeploymentPostprocessing = 0;
		};
/* End PBXResourcesBuildPhase section */

/* Begin PBXSourcesBuildPhase section */
		C95E30CC27AC22F7001D9088 /* Sources */ = {
			isa = PBXSourcesBuildPhase;
			buildActionMask = 2147483647;
			files = (
				C9E5FB7B27B3F20000538B09 /* SondeDataModel.swift in Sources */,
				C95E310F27AC2AAA001D9088 /* LoginViewController.swift in Sources */,
				C9AE010627B927A000277E0F /* TextCell.swift in Sources */,
				C9072A6127B5F168001397D6 /* HomeModel.swift in Sources */,
				C9E5FB6F27B33C2900538B09 /* SondeData.swift in Sources */,
				C9072A6D27B68BE4001397D6 /* SpeedChartView.swift in Sources */,
				C9AE013B27C1464100277E0F /* HeightMap.swift in Sources */,
				C9AE010827B95B0E00277E0F /* SpeedChartViewModel.swift in Sources */,
				C9072A5927B5575C001397D6 /* UIBezierPath+extension.swift in Sources */,
				C9072A6827B64B49001397D6 /* UILabel+extension.swift in Sources */,
				C9072A5327B531A0001397D6 /* ColorLayerTableViewController.swift in Sources */,
				C9AE012027BCFE6E00277E0F /* HistoryCell.swift in Sources */,
				C9AE011927BBE12D00277E0F /* BottomControlView.swift in Sources */,
				C95E30D427AC22F7001D9088 /* AppDelegate.swift in Sources */,
				C9072A6327B5FC80001397D6 /* FirebaseFireStore+extension.swift in Sources */,
				C9D048F827B160BA0061D252 /* UIColor+extension.swift in Sources */,
				C9072A4A27B52E5A001397D6 /* CGRect+extension.swift in Sources */,
				C9D64AF027B1520800A9631E /* NSAttributedString+extension.swift in Sources */,
				C9AE010D27BAAC9200277E0F /* ColorLayerBlock.swift in Sources */,
				C9AE011727BBE0B700277E0F /* BoundButton.swift in Sources */,
				C9AE00FE27B7D79300277E0F /* TimeSelectorButton.swift in Sources */,
				C9AE010427B9273D00277E0F /* LeftAlignedCollectionViewFlowLayout.swift in Sources */,
				C9AE010227B9272200277E0F /* SelfResizingCollectionView.swift in Sources */,
				C9AE012927BD38E200277E0F /* UIButton+extension.swift in Sources */,
				C9AE011D27BBE90200277E0F /* HistoryViewController.swift in Sources */,
				C9072A6527B635A6001397D6 /* DistantChartViewData.swift in Sources */,
				C9AE011327BBD4C700277E0F /* TextLayerBlock.swift in Sources */,
				C9072A4D27B53099001397D6 /* DistanceChartViewController.swift in Sources */,
				C9E5FB6C27B33ADD00538B09 /* HomeViewController.swift in Sources */,
				C9E5FB7127B3EE9000538B09 /* HomeViewModel.swift in Sources */,
				C9072A7427B7B12E001397D6 /* CGContext+extension.swift in Sources */,
				C9AE012427BD0CD800277E0F /* UserDefaults+properties.swift in Sources */,
				C9D64AEE27B150D400A9631E /* Utils.swift in Sources */,
				C9AE012227BD07CF00277E0F /* CloseButton.swift in Sources */,
				C9072A4F27B53169001397D6 /* SpeedChartViewController.swift in Sources */,
				C9072A6F27B69A78001397D6 /* SondeData+extension.swift in Sources */,
				C9AE013927BFED1900277E0F /* SettingsViewController.swift in Sources */,
				C9072A4827B410FA001397D6 /* DistanceChartView.swift in Sources */,
				C9072A5527B54CFE001397D6 /* CGFloat+extension.swift in Sources */,
				C95E30D627AC22F7001D9088 /* SceneDelegate.swift in Sources */,
				C9AE011B27BBE63600277E0F /* UIImage++extension.swift in Sources */,
				C9AE010F27BB210A00277E0F /* LayerStackView.swift in Sources */,
				C9D64AEC27B14EB200A9631E /* UIFont+extension.swift in Sources */,
				C9072A7127B69B82001397D6 /* SpeedChartViewData.swift in Sources */,
				C9AE011527BBDC6400277E0F /* HeightLayerStackView.swift in Sources */,
				C9072A5F27B56D0B001397D6 /* Settings.swift in Sources */,
				C9072A6A27B64EAB001397D6 /* DateUtil.swift in Sources */,
				C9072A5727B55249001397D6 /* CGPoint+extenstion.swift in Sources */,
				C9D64AE927B14DA500A9631E /* CustomTextField.swift in Sources */,
			);
			runOnlyForDeploymentPostprocessing = 0;
		};
		C95E30E227AC22FA001D9088 /* Sources */ = {
			isa = PBXSourcesBuildPhase;
			buildActionMask = 2147483647;
			files = (
				C95E30EB27AC22FA001D9088 /* WindViewTests.swift in Sources */,
			);
			runOnlyForDeploymentPostprocessing = 0;
		};
		C95E30EC27AC22FA001D9088 /* Sources */ = {
			isa = PBXSourcesBuildPhase;
			buildActionMask = 2147483647;
			files = (
				C95E30F727AC22FA001D9088 /* WindViewUITestsLaunchTests.swift in Sources */,
				C95E30F527AC22FA001D9088 /* WindViewUITests.swift in Sources */,
			);
			runOnlyForDeploymentPostprocessing = 0;
		};
/* End PBXSourcesBuildPhase section */

/* Begin PBXTargetDependency section */
		C95E30E827AC22FA001D9088 /* PBXTargetDependency */ = {
			isa = PBXTargetDependency;
			target = C95E30CF27AC22F7001D9088 /* WindView */;
			targetProxy = C95E30E727AC22FA001D9088 /* PBXContainerItemProxy */;
		};
		C95E30F227AC22FA001D9088 /* PBXTargetDependency */ = {
			isa = PBXTargetDependency;
			target = C95E30CF27AC22F7001D9088 /* WindView */;
			targetProxy = C95E30F127AC22FA001D9088 /* PBXContainerItemProxy */;
		};
/* End PBXTargetDependency section */

/* Begin PBXVariantGroup section */
		C95E30DE27AC22F9001D9088 /* LaunchScreen.storyboard */ = {
			isa = PBXVariantGroup;
			children = (
				C95E30DF27AC22F9001D9088 /* Base */,
			);
			name = LaunchScreen.storyboard;
			sourceTree = "<group>";
		};
/* End PBXVariantGroup section */

/* Begin XCBuildConfiguration section */
		C95E30F827AC22FA001D9088 /* Debug */ = {
			isa = XCBuildConfiguration;
			buildSettings = {
				ALWAYS_SEARCH_USER_PATHS = NO;
				CLANG_ANALYZER_NONNULL = YES;
				CLANG_ANALYZER_NUMBER_OBJECT_CONVERSION = YES_AGGRESSIVE;
				CLANG_CXX_LANGUAGE_STANDARD = "gnu++17";
				CLANG_CXX_LIBRARY = "libc++";
				CLANG_ENABLE_MODULES = YES;
				CLANG_ENABLE_OBJC_ARC = YES;
				CLANG_ENABLE_OBJC_WEAK = YES;
				CLANG_WARN_BLOCK_CAPTURE_AUTORELEASING = YES;
				CLANG_WARN_BOOL_CONVERSION = YES;
				CLANG_WARN_COMMA = YES;
				CLANG_WARN_CONSTANT_CONVERSION = YES;
				CLANG_WARN_DEPRECATED_OBJC_IMPLEMENTATIONS = YES;
				CLANG_WARN_DIRECT_OBJC_ISA_USAGE = YES_ERROR;
				CLANG_WARN_DOCUMENTATION_COMMENTS = YES;
				CLANG_WARN_EMPTY_BODY = YES;
				CLANG_WARN_ENUM_CONVERSION = YES;
				CLANG_WARN_INFINITE_RECURSION = YES;
				CLANG_WARN_INT_CONVERSION = YES;
				CLANG_WARN_NON_LITERAL_NULL_CONVERSION = YES;
				CLANG_WARN_OBJC_IMPLICIT_RETAIN_SELF = YES;
				CLANG_WARN_OBJC_LITERAL_CONVERSION = YES;
				CLANG_WARN_OBJC_ROOT_CLASS = YES_ERROR;
				CLANG_WARN_QUOTED_INCLUDE_IN_FRAMEWORK_HEADER = YES;
				CLANG_WARN_RANGE_LOOP_ANALYSIS = YES;
				CLANG_WARN_STRICT_PROTOTYPES = YES;
				CLANG_WARN_SUSPICIOUS_MOVE = YES;
				CLANG_WARN_UNGUARDED_AVAILABILITY = YES_AGGRESSIVE;
				CLANG_WARN_UNREACHABLE_CODE = YES;
				CLANG_WARN__DUPLICATE_METHOD_MATCH = YES;
				COPY_PHASE_STRIP = NO;
				DEBUG_INFORMATION_FORMAT = dwarf;
				ENABLE_STRICT_OBJC_MSGSEND = YES;
				ENABLE_TESTABILITY = YES;
				GCC_C_LANGUAGE_STANDARD = gnu11;
				GCC_DYNAMIC_NO_PIC = NO;
				GCC_NO_COMMON_BLOCKS = YES;
				GCC_OPTIMIZATION_LEVEL = 0;
				GCC_PREPROCESSOR_DEFINITIONS = (
					"DEBUG=1",
					"$(inherited)",
				);
				GCC_WARN_64_TO_32_BIT_CONVERSION = YES;
				GCC_WARN_ABOUT_RETURN_TYPE = YES_ERROR;
				GCC_WARN_UNDECLARED_SELECTOR = YES;
				GCC_WARN_UNINITIALIZED_AUTOS = YES_AGGRESSIVE;
				GCC_WARN_UNUSED_FUNCTION = YES;
				GCC_WARN_UNUSED_VARIABLE = YES;
				IPHONEOS_DEPLOYMENT_TARGET = 14.0;
				MTL_ENABLE_DEBUG_INFO = INCLUDE_SOURCE;
				MTL_FAST_MATH = YES;
				ONLY_ACTIVE_ARCH = YES;
				SDKROOT = iphoneos;
				SWIFT_ACTIVE_COMPILATION_CONDITIONS = DEBUG;
				SWIFT_OPTIMIZATION_LEVEL = "-Onone";
			};
			name = Debug;
		};
		C95E30F927AC22FA001D9088 /* Release */ = {
			isa = XCBuildConfiguration;
			buildSettings = {
				ALWAYS_SEARCH_USER_PATHS = NO;
				CLANG_ANALYZER_NONNULL = YES;
				CLANG_ANALYZER_NUMBER_OBJECT_CONVERSION = YES_AGGRESSIVE;
				CLANG_CXX_LANGUAGE_STANDARD = "gnu++17";
				CLANG_CXX_LIBRARY = "libc++";
				CLANG_ENABLE_MODULES = YES;
				CLANG_ENABLE_OBJC_ARC = YES;
				CLANG_ENABLE_OBJC_WEAK = YES;
				CLANG_WARN_BLOCK_CAPTURE_AUTORELEASING = YES;
				CLANG_WARN_BOOL_CONVERSION = YES;
				CLANG_WARN_COMMA = YES;
				CLANG_WARN_CONSTANT_CONVERSION = YES;
				CLANG_WARN_DEPRECATED_OBJC_IMPLEMENTATIONS = YES;
				CLANG_WARN_DIRECT_OBJC_ISA_USAGE = YES_ERROR;
				CLANG_WARN_DOCUMENTATION_COMMENTS = YES;
				CLANG_WARN_EMPTY_BODY = YES;
				CLANG_WARN_ENUM_CONVERSION = YES;
				CLANG_WARN_INFINITE_RECURSION = YES;
				CLANG_WARN_INT_CONVERSION = YES;
				CLANG_WARN_NON_LITERAL_NULL_CONVERSION = YES;
				CLANG_WARN_OBJC_IMPLICIT_RETAIN_SELF = YES;
				CLANG_WARN_OBJC_LITERAL_CONVERSION = YES;
				CLANG_WARN_OBJC_ROOT_CLASS = YES_ERROR;
				CLANG_WARN_QUOTED_INCLUDE_IN_FRAMEWORK_HEADER = YES;
				CLANG_WARN_RANGE_LOOP_ANALYSIS = YES;
				CLANG_WARN_STRICT_PROTOTYPES = YES;
				CLANG_WARN_SUSPICIOUS_MOVE = YES;
				CLANG_WARN_UNGUARDED_AVAILABILITY = YES_AGGRESSIVE;
				CLANG_WARN_UNREACHABLE_CODE = YES;
				CLANG_WARN__DUPLICATE_METHOD_MATCH = YES;
				COPY_PHASE_STRIP = NO;
				DEBUG_INFORMATION_FORMAT = "dwarf-with-dsym";
				ENABLE_NS_ASSERTIONS = NO;
				ENABLE_STRICT_OBJC_MSGSEND = YES;
				GCC_C_LANGUAGE_STANDARD = gnu11;
				GCC_NO_COMMON_BLOCKS = YES;
				GCC_WARN_64_TO_32_BIT_CONVERSION = YES;
				GCC_WARN_ABOUT_RETURN_TYPE = YES_ERROR;
				GCC_WARN_UNDECLARED_SELECTOR = YES;
				GCC_WARN_UNINITIALIZED_AUTOS = YES_AGGRESSIVE;
				GCC_WARN_UNUSED_FUNCTION = YES;
				GCC_WARN_UNUSED_VARIABLE = YES;
				IPHONEOS_DEPLOYMENT_TARGET = 14.0;
				MTL_ENABLE_DEBUG_INFO = NO;
				MTL_FAST_MATH = YES;
				SDKROOT = iphoneos;
				SWIFT_COMPILATION_MODE = wholemodule;
				SWIFT_OPTIMIZATION_LEVEL = "-O";
				VALIDATE_PRODUCT = YES;
			};
			name = Release;
		};
		C95E30FB27AC22FA001D9088 /* Debug */ = {
			isa = XCBuildConfiguration;
			buildSettings = {
				ASSETCATALOG_COMPILER_APPICON_NAME = AppIcon;
				ASSETCATALOG_COMPILER_GLOBAL_ACCENT_COLOR_NAME = AccentColor;
				CODE_SIGN_STYLE = Automatic;
				CURRENT_PROJECT_VERSION = 1;
				DEVELOPMENT_TEAM = 434NDTB8PE;
				GENERATE_INFOPLIST_FILE = YES;
				INFOPLIST_FILE = WindView/Info.plist;
				INFOPLIST_KEY_UIApplicationSupportsIndirectInputEvents = YES;
				INFOPLIST_KEY_UILaunchStoryboardName = LaunchScreen;
				INFOPLIST_KEY_UISupportedInterfaceOrientations_iPad = "UIInterfaceOrientationPortrait UIInterfaceOrientationPortraitUpsideDown UIInterfaceOrientationLandscapeLeft UIInterfaceOrientationLandscapeRight";
				INFOPLIST_KEY_UISupportedInterfaceOrientations_iPhone = "UIInterfaceOrientationPortrait UIInterfaceOrientationLandscapeLeft UIInterfaceOrientationLandscapeRight";
				IPHONEOS_DEPLOYMENT_TARGET = 14.0;
				LD_RUNPATH_SEARCH_PATHS = (
					"$(inherited)",
					"@executable_path/Frameworks",
				);
				MARKETING_VERSION = 1.0;
				PRODUCT_BUNDLE_IDENTIFIER = com.shimpeikawada.WindView;
				PRODUCT_NAME = "$(TARGET_NAME)";
				SWIFT_EMIT_LOC_STRINGS = YES;
				SWIFT_VERSION = 5.0;
				TARGETED_DEVICE_FAMILY = "1,2";
			};
			name = Debug;
		};
		C95E30FC27AC22FA001D9088 /* Release */ = {
			isa = XCBuildConfiguration;
			buildSettings = {
				ASSETCATALOG_COMPILER_APPICON_NAME = AppIcon;
				ASSETCATALOG_COMPILER_GLOBAL_ACCENT_COLOR_NAME = AccentColor;
				CODE_SIGN_STYLE = Automatic;
				CURRENT_PROJECT_VERSION = 1;
				DEVELOPMENT_TEAM = 434NDTB8PE;
				GENERATE_INFOPLIST_FILE = YES;
				INFOPLIST_FILE = WindView/Info.plist;
				INFOPLIST_KEY_UIApplicationSupportsIndirectInputEvents = YES;
				INFOPLIST_KEY_UILaunchStoryboardName = LaunchScreen;
				INFOPLIST_KEY_UISupportedInterfaceOrientations_iPad = "UIInterfaceOrientationPortrait UIInterfaceOrientationPortraitUpsideDown UIInterfaceOrientationLandscapeLeft UIInterfaceOrientationLandscapeRight";
				INFOPLIST_KEY_UISupportedInterfaceOrientations_iPhone = "UIInterfaceOrientationPortrait UIInterfaceOrientationLandscapeLeft UIInterfaceOrientationLandscapeRight";
				IPHONEOS_DEPLOYMENT_TARGET = 14.0;
				LD_RUNPATH_SEARCH_PATHS = (
					"$(inherited)",
					"@executable_path/Frameworks",
				);
				MARKETING_VERSION = 1.0;
				PRODUCT_BUNDLE_IDENTIFIER = com.shimpeikawada.WindView;
				PRODUCT_NAME = "$(TARGET_NAME)";
				SWIFT_EMIT_LOC_STRINGS = YES;
				SWIFT_VERSION = 5.0;
				TARGETED_DEVICE_FAMILY = "1,2";
			};
			name = Release;
		};
		C95E30FE27AC22FA001D9088 /* Debug */ = {
			isa = XCBuildConfiguration;
			buildSettings = {
				ALWAYS_EMBED_SWIFT_STANDARD_LIBRARIES = YES;
				BUNDLE_LOADER = "$(TEST_HOST)";
				CODE_SIGN_STYLE = Automatic;
				CURRENT_PROJECT_VERSION = 1;
				DEVELOPMENT_TEAM = 434NDTB8PE;
				GENERATE_INFOPLIST_FILE = YES;
				IPHONEOS_DEPLOYMENT_TARGET = 15.2;
				MARKETING_VERSION = 1.0;
				PRODUCT_BUNDLE_IDENTIFIER = com.shimpeikawada.WindViewTests;
				PRODUCT_NAME = "$(TARGET_NAME)";
				SWIFT_EMIT_LOC_STRINGS = NO;
				SWIFT_VERSION = 5.0;
				TARGETED_DEVICE_FAMILY = "1,2";
				TEST_HOST = "$(BUILT_PRODUCTS_DIR)/WindView.app/WindView";
			};
			name = Debug;
		};
		C95E30FF27AC22FA001D9088 /* Release */ = {
			isa = XCBuildConfiguration;
			buildSettings = {
				ALWAYS_EMBED_SWIFT_STANDARD_LIBRARIES = YES;
				BUNDLE_LOADER = "$(TEST_HOST)";
				CODE_SIGN_STYLE = Automatic;
				CURRENT_PROJECT_VERSION = 1;
				DEVELOPMENT_TEAM = 434NDTB8PE;
				GENERATE_INFOPLIST_FILE = YES;
				IPHONEOS_DEPLOYMENT_TARGET = 15.2;
				MARKETING_VERSION = 1.0;
				PRODUCT_BUNDLE_IDENTIFIER = com.shimpeikawada.WindViewTests;
				PRODUCT_NAME = "$(TARGET_NAME)";
				SWIFT_EMIT_LOC_STRINGS = NO;
				SWIFT_VERSION = 5.0;
				TARGETED_DEVICE_FAMILY = "1,2";
				TEST_HOST = "$(BUILT_PRODUCTS_DIR)/WindView.app/WindView";
			};
			name = Release;
		};
		C95E310127AC22FA001D9088 /* Debug */ = {
			isa = XCBuildConfiguration;
			buildSettings = {
				ALWAYS_EMBED_SWIFT_STANDARD_LIBRARIES = YES;
				CODE_SIGN_STYLE = Automatic;
				CURRENT_PROJECT_VERSION = 1;
				DEVELOPMENT_TEAM = 434NDTB8PE;
				GENERATE_INFOPLIST_FILE = YES;
				MARKETING_VERSION = 1.0;
				PRODUCT_BUNDLE_IDENTIFIER = com.shimpeikawada.WindViewUITests;
				PRODUCT_NAME = "$(TARGET_NAME)";
				SWIFT_EMIT_LOC_STRINGS = NO;
				SWIFT_VERSION = 5.0;
				TARGETED_DEVICE_FAMILY = "1,2";
				TEST_TARGET_NAME = WindView;
			};
			name = Debug;
		};
		C95E310227AC22FA001D9088 /* Release */ = {
			isa = XCBuildConfiguration;
			buildSettings = {
				ALWAYS_EMBED_SWIFT_STANDARD_LIBRARIES = YES;
				CODE_SIGN_STYLE = Automatic;
				CURRENT_PROJECT_VERSION = 1;
				DEVELOPMENT_TEAM = 434NDTB8PE;
				GENERATE_INFOPLIST_FILE = YES;
				MARKETING_VERSION = 1.0;
				PRODUCT_BUNDLE_IDENTIFIER = com.shimpeikawada.WindViewUITests;
				PRODUCT_NAME = "$(TARGET_NAME)";
				SWIFT_EMIT_LOC_STRINGS = NO;
				SWIFT_VERSION = 5.0;
				TARGETED_DEVICE_FAMILY = "1,2";
				TEST_TARGET_NAME = WindView;
			};
			name = Release;
		};
/* End XCBuildConfiguration section */

/* Begin XCConfigurationList section */
		C95E30CB27AC22F7001D9088 /* Build configuration list for PBXProject "WindView" */ = {
			isa = XCConfigurationList;
			buildConfigurations = (
				C95E30F827AC22FA001D9088 /* Debug */,
				C95E30F927AC22FA001D9088 /* Release */,
			);
			defaultConfigurationIsVisible = 0;
			defaultConfigurationName = Release;
		};
		C95E30FA27AC22FA001D9088 /* Build configuration list for PBXNativeTarget "WindView" */ = {
			isa = XCConfigurationList;
			buildConfigurations = (
				C95E30FB27AC22FA001D9088 /* Debug */,
				C95E30FC27AC22FA001D9088 /* Release */,
			);
			defaultConfigurationIsVisible = 0;
			defaultConfigurationName = Release;
		};
		C95E30FD27AC22FA001D9088 /* Build configuration list for PBXNativeTarget "WindViewTests" */ = {
			isa = XCConfigurationList;
			buildConfigurations = (
				C95E30FE27AC22FA001D9088 /* Debug */,
				C95E30FF27AC22FA001D9088 /* Release */,
			);
			defaultConfigurationIsVisible = 0;
			defaultConfigurationName = Release;
		};
		C95E310027AC22FA001D9088 /* Build configuration list for PBXNativeTarget "WindViewUITests" */ = {
			isa = XCConfigurationList;
			buildConfigurations = (
				C95E310127AC22FA001D9088 /* Debug */,
				C95E310227AC22FA001D9088 /* Release */,
			);
			defaultConfigurationIsVisible = 0;
			defaultConfigurationName = Release;
		};
/* End XCConfigurationList section */

/* Begin XCRemoteSwiftPackageReference section */
		C95E310527AC2A96001D9088 /* XCRemoteSwiftPackageReference "firebase-ios-sdk" */ = {
			isa = XCRemoteSwiftPackageReference;
			repositoryURL = "https://github.com/firebase/firebase-ios-sdk";
			requirement = {
				kind = upToNextMajorVersion;
				minimumVersion = 8.0.0;
			};
		};
		C95E311027AC2C93001D9088 /* XCRemoteSwiftPackageReference "SnapKit" */ = {
			isa = XCRemoteSwiftPackageReference;
			repositoryURL = "https://github.com/SnapKit/SnapKit.git";
			requirement = {
				kind = upToNextMajorVersion;
				minimumVersion = 5.0.0;
			};
		};
		C9AE012A27BEAE6700277E0F /* XCRemoteSwiftPackageReference "BetterSegmentedControl" */ = {
			isa = XCRemoteSwiftPackageReference;
			repositoryURL = "https://github.com/gmarm/BetterSegmentedControl.git";
			requirement = {
				kind = upToNextMajorVersion;
				minimumVersion = 2.0.0;
			};
		};
		C9AE013527BFBC2900277E0F /* XCRemoteSwiftPackageReference "PKHUD" */ = {
			isa = XCRemoteSwiftPackageReference;
			repositoryURL = "https://github.com/pkluz/PKHUD.git";
			requirement = {
				kind = upToNextMajorVersion;
				minimumVersion = 5.0.0;
			};
		};
		C9E5FB6727B2BEBC00538B09 /* XCRemoteSwiftPackageReference "GoogleSignIn-iOS" */ = {
			isa = XCRemoteSwiftPackageReference;
			repositoryURL = "https://github.com/google/GoogleSignIn-iOS";
			requirement = {
				kind = upToNextMajorVersion;
				minimumVersion = 6.0.0;
			};
		};
		C9E5FB7327B3F0D500538B09 /* XCRemoteSwiftPackageReference "RxSwift" */ = {
			isa = XCRemoteSwiftPackageReference;
			repositoryURL = "https://github.com/ReactiveX/RxSwift.git";
			requirement = {
				kind = upToNextMajorVersion;
				minimumVersion = 6.0.0;
			};
		};
/* End XCRemoteSwiftPackageReference section */

/* Begin XCSwiftPackageProductDependency section */
		C9072A4127B401BE001397D6 /* FirebaseFirestoreSwift-Beta */ = {
			isa = XCSwiftPackageProductDependency;
			package = C95E310527AC2A96001D9088 /* XCRemoteSwiftPackageReference "firebase-ios-sdk" */;
			productName = "FirebaseFirestoreSwift-Beta";
		};
		C95E310627AC2A97001D9088 /* FirebaseAnalyticsWithoutAdIdSupport */ = {
			isa = XCSwiftPackageProductDependency;
			package = C95E310527AC2A96001D9088 /* XCRemoteSwiftPackageReference "firebase-ios-sdk" */;
			productName = FirebaseAnalyticsWithoutAdIdSupport;
		};
		C95E310827AC2A97001D9088 /* FirebaseAuth */ = {
			isa = XCSwiftPackageProductDependency;
			package = C95E310527AC2A96001D9088 /* XCRemoteSwiftPackageReference "firebase-ios-sdk" */;
			productName = FirebaseAuth;
		};
		C95E310A27AC2A97001D9088 /* FirebaseCrashlytics */ = {
			isa = XCSwiftPackageProductDependency;
			package = C95E310527AC2A96001D9088 /* XCRemoteSwiftPackageReference "firebase-ios-sdk" */;
			productName = FirebaseCrashlytics;
		};
		C95E310C27AC2A97001D9088 /* FirebaseFirestore */ = {
			isa = XCSwiftPackageProductDependency;
			package = C95E310527AC2A96001D9088 /* XCRemoteSwiftPackageReference "firebase-ios-sdk" */;
			productName = FirebaseFirestore;
		};
		C95E311127AC2C93001D9088 /* SnapKit */ = {
			isa = XCSwiftPackageProductDependency;
			package = C95E311027AC2C93001D9088 /* XCRemoteSwiftPackageReference "SnapKit" */;
			productName = SnapKit;
		};
		C9AE012B27BEAE6800277E0F /* BetterSegmentedControl */ = {
			isa = XCSwiftPackageProductDependency;
			package = C9AE012A27BEAE6700277E0F /* XCRemoteSwiftPackageReference "BetterSegmentedControl" */;
			productName = BetterSegmentedControl;
		};
		C9AE013627BFBC2900277E0F /* PKHUD */ = {
			isa = XCSwiftPackageProductDependency;
			package = C9AE013527BFBC2900277E0F /* XCRemoteSwiftPackageReference "PKHUD" */;
			productName = PKHUD;
		};
		C9E5FB6827B2BEBC00538B09 /* GoogleSignIn */ = {
			isa = XCSwiftPackageProductDependency;
			package = C9E5FB6727B2BEBC00538B09 /* XCRemoteSwiftPackageReference "GoogleSignIn-iOS" */;
			productName = GoogleSignIn;
		};
		C9E5FB7427B3F0D500538B09 /* RxCocoa */ = {
			isa = XCSwiftPackageProductDependency;
			package = C9E5FB7327B3F0D500538B09 /* XCRemoteSwiftPackageReference "RxSwift" */;
			productName = RxCocoa;
		};
		C9E5FB7627B3F0D500538B09 /* RxRelay */ = {
			isa = XCSwiftPackageProductDependency;
			package = C9E5FB7327B3F0D500538B09 /* XCRemoteSwiftPackageReference "RxSwift" */;
			productName = RxRelay;
		};
		C9E5FB7827B3F0D500538B09 /* RxSwift */ = {
			isa = XCSwiftPackageProductDependency;
			package = C9E5FB7327B3F0D500538B09 /* XCRemoteSwiftPackageReference "RxSwift" */;
			productName = RxSwift;
		};
/* End XCSwiftPackageProductDependency section */
	};
	rootObject = C95E30C827AC22F7001D9088 /* Project object */;
}
